<?xml version="1.0" encoding="utf-8"?>
<Project ToolsVersion="4.0" xmlns="http://schemas.microsoft.com/developer/msbuild/2003">
  <ItemGroup>
    <Filter Include="Source Files">
      <UniqueIdentifier>{4FC737F1-C7A5-4376-A066-2A32D752A2FF}</UniqueIdentifier>
      <Extensions>cpp;c;cc;cxx;def;odl;idl;hpj;bat;asm;asmx</Extensions>
    </Filter>
    <Filter Include="Generated Files">
      <UniqueIdentifier>{73c6b10a-a8ee-4d1e-9e0e-c1689d9bdc34}</UniqueIdentifier>
    </Filter>
    <Filter Include="FlexBison Files">
      <UniqueIdentifier>{4b4e7c87-f010-4b8f-a432-4e82580c3481}</UniqueIdentifier>
    </Filter>
    <Filter Include="Header Files">
      <UniqueIdentifier>{2bfd6c22-029c-4466-8d68-198dede03bc6}</UniqueIdentifier>
    </Filter>
    <Filter Include="Resource Files">
      <UniqueIdentifier>{a0cc6055-5657-497a-8c53-a01c28bc1340}</UniqueIdentifier>
    </Filter>
  </ItemGroup>
  <ItemGroup>
    <CustomBuild Include="lexer.l">
      <Filter>FlexBison Files</Filter>
    </CustomBuild>
    <CustomBuild Include="parser.y">
      <Filter>FlexBison Files</Filter>
    </CustomBuild>
  </ItemGroup>
  <ItemGroup>
    <ClCompile Include="Source.cpp">
      <Filter>Source Files</Filter>
    </ClCompile>
    <ClCompile Include="lexer.cpp">
      <Filter>Generated Files</Filter>
    </ClCompile>
    <ClCompile Include="parser.cpp">
      <Filter>Generated Files</Filter>
    </ClCompile>
  </ItemGroup>
  <ItemGroup>
    <ClInclude Include="parser.hpp">
      <Filter>Generated Files</Filter>
    </ClInclude>
    <ClInclude Include="ParseState.h">
      <Filter>Header Files</Filter>
    </ClInclude>
  </ItemGroup>
  <ItemGroup>
    <Text Include="input.txt">
      <Filter>Resource Files</Filter>
    </Text>
  </ItemGroup>
</Project>